
Microsoft Visual Studio Solution File, Format Version 12.00
# Visual Studio 15
VisualStudioVersion = 15.0.28307.645
MinimumVisualStudioVersion = 10.0.40219.1
Project("{9A19103F-16F7-4668-BE54-9A1E7A4F7556}") = "OrbisB73027.web", "WebApplication1\OrbisB73027.web.csproj", "{FC31FC34-836C-4879-88D5-94856FB9BEE1}"
EndProject
Project("{9A19103F-16F7-4668-BE54-9A1E7A4F7556}") = "OrbisB73027.Test", "NUnitTestProject1\OrbisB73027.Test.csproj", "{7415A107-8F3A-43D7-AA91-8DBAD7C3ED62}"
EndProject
Project("{9A19103F-16F7-4668-BE54-9A1E7A4F7556}") = "OrbisB73027.Model", "OrbisB73331.Model\OrbisB73027.Model.csproj", "{520AF68D-AB91-4453-9A0E-35C4525B0D39}"
EndProject
Global
	GlobalSection(SolutionConfigurationPlatforms) = preSolution
		Debug|Any CPU = Debug|Any CPU
		Release|Any CPU = Release|Any CPU
	EndGlobalSection
	GlobalSection(ProjectConfigurationPlatforms) = postSolution
		{FC31FC34-836C-4879-88D5-94856FB9BEE1}.Debug|Any CPU.ActiveCfg = Debug|Any CPU
		{FC31FC34-836C-4879-88D5-94856FB9BEE1}.Debug|Any CPU.Build.0 = Debug|Any CPU
		{FC31FC34-836C-4879-88D5-94856FB9BEE1}.Release|Any CPU.ActiveCfg = Release|Any CPU
		{FC31FC34-836C-4879-88D5-94856FB9BEE1}.Release|Any CPU.Build.0 = Release|Any CPU
		{7415A107-8F3A-43D7-AA91-8DBAD7C3ED62}.Debug|Any CPU.ActiveCfg = Debug|Any CPU
		{7415A107-8F3A-43D7-AA91-8DBAD7C3ED62}.Debug|Any CPU.Build.0 = Debug|Any CPU
		{7415A107-8F3A-43D7-AA91-8DBAD7C3ED62}.Release|Any CPU.ActiveCfg = Release|Any CPU
		{7415A107-8F3A-43D7-AA91-8DBAD7C3ED62}.Release|Any CPU.Build.0 = Release|Any CPU
		{520AF68D-AB91-4453-9A0E-35C4525B0D39}.Debug|Any CPU.ActiveCfg = Debug|Any CPU
		{520AF68D-AB91-4453-9A0E-35C4525B0D39}.Debug|Any CPU.Build.0 = Debug|Any CPU
		{520AF68D-AB91-4453-9A0E-35C4525B0D39}.Release|Any CPU.ActiveCfg = Release|Any CPU
		{520AF68D-AB91-4453-9A0E-35C4525B0D39}.Release|Any CPU.Build.0 = Release|Any CPU
	EndGlobalSection
	GlobalSection(SolutionProperties) = preSolution
		HideSolutionNode = FALSE
	EndGlobalSection
	GlobalSection(ExtensibilityGlobals) = postSolution
		SolutionGuid = {1BCD5FF6-97F6-4B95-B7A6-284158F20B41}
	EndGlobalSection
EndGlobal
