
Microsoft Visual Studio Solution File, Format Version 12.00
# Visual Studio Version 16
VisualStudioVersion = 16.0.28803.352
MinimumVisualStudioVersion = 10.0.40219.1
Project("{FAE04EC0-301F-11D3-BF4B-00C04F79EFBC}") = "B40894Examen2", "B40894Examen2\B40894Examen2.csproj", "{37AFDC3E-9E4D-4521-94B7-238B77AD2029}"
EndProject
Project("{FAE04EC0-301F-11D3-BF4B-00C04F79EFBC}") = "model", "..\model\model.csproj", "{499682D0-DC17-4CFD-A060-0A1140AF4F0D}"
EndProject
Project("{FAE04EC0-301F-11D3-BF4B-00C04F79EFBC}") = "TestExamen2", "..\TestExamen2\TestExamen2.csproj", "{A43C4556-5015-468C-A6CE-D14DBE027220}"
EndProject
Global
	GlobalSection(SolutionConfigurationPlatforms) = preSolution
		Debug|Any CPU = Debug|Any CPU
		Release|Any CPU = Release|Any CPU
	EndGlobalSection
	GlobalSection(ProjectConfigurationPlatforms) = postSolution
		{37AFDC3E-9E4D-4521-94B7-238B77AD2029}.Debug|Any CPU.ActiveCfg = Debug|Any CPU
		{37AFDC3E-9E4D-4521-94B7-238B77AD2029}.Debug|Any CPU.Build.0 = Debug|Any CPU
		{37AFDC3E-9E4D-4521-94B7-238B77AD2029}.Release|Any CPU.ActiveCfg = Release|Any CPU
		{37AFDC3E-9E4D-4521-94B7-238B77AD2029}.Release|Any CPU.Build.0 = Release|Any CPU
		{499682D0-DC17-4CFD-A060-0A1140AF4F0D}.Debug|Any CPU.ActiveCfg = Debug|Any CPU
		{499682D0-DC17-4CFD-A060-0A1140AF4F0D}.Debug|Any CPU.Build.0 = Debug|Any CPU
		{499682D0-DC17-4CFD-A060-0A1140AF4F0D}.Release|Any CPU.ActiveCfg = Release|Any CPU
		{499682D0-DC17-4CFD-A060-0A1140AF4F0D}.Release|Any CPU.Build.0 = Release|Any CPU
		{A43C4556-5015-468C-A6CE-D14DBE027220}.Debug|Any CPU.ActiveCfg = Debug|Any CPU
		{A43C4556-5015-468C-A6CE-D14DBE027220}.Debug|Any CPU.Build.0 = Debug|Any CPU
		{A43C4556-5015-468C-A6CE-D14DBE027220}.Release|Any CPU.ActiveCfg = Release|Any CPU
		{A43C4556-5015-468C-A6CE-D14DBE027220}.Release|Any CPU.Build.0 = Release|Any CPU
	EndGlobalSection
	GlobalSection(SolutionProperties) = preSolution
		HideSolutionNode = FALSE
	EndGlobalSection
	GlobalSection(ExtensibilityGlobals) = postSolution
		SolutionGuid = {3952198A-0F5A-486D-9DF3-89B94674110A}
	EndGlobalSection
EndGlobal
