
Microsoft Visual Studio Solution File, Format Version 12.00
# Visual Studio 15
VisualStudioVersion = 15.0.28307.489
MinimumVisualStudioVersion = 10.0.40219.1
Project("{9A19103F-16F7-4668-BE54-9A1E7A4F7556}") = "Proyecto2.Clases", "Proyecto2.Clases\Proyecto2.Clases.csproj", "{ADADDF2C-ADE8-4A45-9AF4-A631C7FDEF69}"
EndProject
Project("{9A19103F-16F7-4668-BE54-9A1E7A4F7556}") = "Proyecto-2", "Proyecto-2\Proyecto-2.csproj", "{2236FF26-162E-4987-8761-AF585A31DFAA}"
EndProject
Project("{FAE04EC0-301F-11D3-BF4B-00C04F79EFBC}") = "Proyecto2.Test", "Proyecto2.Test\Proyecto2.Test.csproj", "{0C72983B-6E52-4910-9C44-3B6556467178}"
EndProject
Global
	GlobalSection(SolutionConfigurationPlatforms) = preSolution
		Debug|Any CPU = Debug|Any CPU
		Release|Any CPU = Release|Any CPU
	EndGlobalSection
	GlobalSection(ProjectConfigurationPlatforms) = postSolution
		{ADADDF2C-ADE8-4A45-9AF4-A631C7FDEF69}.Debug|Any CPU.ActiveCfg = Debug|Any CPU
		{ADADDF2C-ADE8-4A45-9AF4-A631C7FDEF69}.Debug|Any CPU.Build.0 = Debug|Any CPU
		{ADADDF2C-ADE8-4A45-9AF4-A631C7FDEF69}.Release|Any CPU.ActiveCfg = Release|Any CPU
		{ADADDF2C-ADE8-4A45-9AF4-A631C7FDEF69}.Release|Any CPU.Build.0 = Release|Any CPU
		{2236FF26-162E-4987-8761-AF585A31DFAA}.Debug|Any CPU.ActiveCfg = Debug|Any CPU
		{2236FF26-162E-4987-8761-AF585A31DFAA}.Debug|Any CPU.Build.0 = Debug|Any CPU
		{2236FF26-162E-4987-8761-AF585A31DFAA}.Release|Any CPU.ActiveCfg = Release|Any CPU
		{2236FF26-162E-4987-8761-AF585A31DFAA}.Release|Any CPU.Build.0 = Release|Any CPU
		{0C72983B-6E52-4910-9C44-3B6556467178}.Debug|Any CPU.ActiveCfg = Debug|Any CPU
		{0C72983B-6E52-4910-9C44-3B6556467178}.Debug|Any CPU.Build.0 = Debug|Any CPU
		{0C72983B-6E52-4910-9C44-3B6556467178}.Release|Any CPU.ActiveCfg = Release|Any CPU
		{0C72983B-6E52-4910-9C44-3B6556467178}.Release|Any CPU.Build.0 = Release|Any CPU
	EndGlobalSection
	GlobalSection(SolutionProperties) = preSolution
		HideSolutionNode = FALSE
	EndGlobalSection
	GlobalSection(ExtensibilityGlobals) = postSolution
		SolutionGuid = {E73DE5FB-BF3C-4F6E-8C02-C85659335D1A}
	EndGlobalSection
EndGlobal
