
Microsoft Visual Studio Solution File, Format Version 12.00
# Visual Studio 15
VisualStudioVersion = 15.0.28307.645
MinimumVisualStudioVersion = 10.0.40219.1
Project("{FAE04EC0-301F-11D3-BF4B-00C04F79EFBC}") = "Examen2B73331", "Examen2B73331\Examen2B73331.csproj", "{A916F0D9-F61D-455C-98A2-1DBA4BE795C2}"
EndProject
Project("{FAE04EC0-301F-11D3-BF4B-00C04F79EFBC}") = "Examen2B73331.Test", "Examen2B73331.Test\Examen2B73331.Test.csproj", "{FE7EFE54-2302-4B65-BE57-6822A409AE11}"
EndProject
Project("{FAE04EC0-301F-11D3-BF4B-00C04F79EFBC}") = "Examen2B73331.Model", "Examen2B73331.Model\Examen2B73331.Model.csproj", "{B427147B-8297-4ABE-AE29-F5001DA2330F}"
EndProject
Project("{FAE04EC0-301F-11D3-BF4B-00C04F79EFBC}") = "Examen2B73331.Api", "Examen2B73331.Api\Examen2B73331.Api.csproj", "{D00D58F7-3280-405C-BCC6-1D5E426DC4F5}"
EndProject
Global
	GlobalSection(SolutionConfigurationPlatforms) = preSolution
		Debug|Any CPU = Debug|Any CPU
		Release|Any CPU = Release|Any CPU
	EndGlobalSection
	GlobalSection(ProjectConfigurationPlatforms) = postSolution
		{A916F0D9-F61D-455C-98A2-1DBA4BE795C2}.Debug|Any CPU.ActiveCfg = Debug|Any CPU
		{A916F0D9-F61D-455C-98A2-1DBA4BE795C2}.Debug|Any CPU.Build.0 = Debug|Any CPU
		{A916F0D9-F61D-455C-98A2-1DBA4BE795C2}.Release|Any CPU.ActiveCfg = Release|Any CPU
		{A916F0D9-F61D-455C-98A2-1DBA4BE795C2}.Release|Any CPU.Build.0 = Release|Any CPU
		{FE7EFE54-2302-4B65-BE57-6822A409AE11}.Debug|Any CPU.ActiveCfg = Debug|Any CPU
		{FE7EFE54-2302-4B65-BE57-6822A409AE11}.Debug|Any CPU.Build.0 = Debug|Any CPU
		{FE7EFE54-2302-4B65-BE57-6822A409AE11}.Release|Any CPU.ActiveCfg = Release|Any CPU
		{FE7EFE54-2302-4B65-BE57-6822A409AE11}.Release|Any CPU.Build.0 = Release|Any CPU
		{B427147B-8297-4ABE-AE29-F5001DA2330F}.Debug|Any CPU.ActiveCfg = Debug|Any CPU
		{B427147B-8297-4ABE-AE29-F5001DA2330F}.Debug|Any CPU.Build.0 = Debug|Any CPU
		{B427147B-8297-4ABE-AE29-F5001DA2330F}.Release|Any CPU.ActiveCfg = Release|Any CPU
		{B427147B-8297-4ABE-AE29-F5001DA2330F}.Release|Any CPU.Build.0 = Release|Any CPU
		{D00D58F7-3280-405C-BCC6-1D5E426DC4F5}.Debug|Any CPU.ActiveCfg = Debug|Any CPU
		{D00D58F7-3280-405C-BCC6-1D5E426DC4F5}.Debug|Any CPU.Build.0 = Debug|Any CPU
		{D00D58F7-3280-405C-BCC6-1D5E426DC4F5}.Release|Any CPU.ActiveCfg = Release|Any CPU
		{D00D58F7-3280-405C-BCC6-1D5E426DC4F5}.Release|Any CPU.Build.0 = Release|Any CPU
	EndGlobalSection
	GlobalSection(SolutionProperties) = preSolution
		HideSolutionNode = FALSE
	EndGlobalSection
	GlobalSection(ExtensibilityGlobals) = postSolution
		SolutionGuid = {BE2E0D20-3848-4DD4-B58D-7D4887AA44C2}
	EndGlobalSection
EndGlobal
