
Microsoft Visual Studio Solution File, Format Version 12.00
# Visual Studio 15
VisualStudioVersion = 15.0.28307.489
MinimumVisualStudioVersion = 10.0.40219.1
Project("{9A19103F-16F7-4668-BE54-9A1E7A4F7556}") = "Orbis[B62734].Model", "Orbis[B62734].Model\Orbis[B62734].Model.csproj", "{39C20D92-AF93-4289-8CA3-9679DBF6D441}"
EndProject
Project("{FAE04EC0-301F-11D3-BF4B-00C04F79EFBC}") = "OrbisB62734.Web", "OrbisB62734.Web\OrbisB62734.Web.csproj", "{D747DADE-848A-4855-88ED-AF0E28963CAB}"
EndProject
Global
	GlobalSection(SolutionConfigurationPlatforms) = preSolution
		Debug|Any CPU = Debug|Any CPU
		Release|Any CPU = Release|Any CPU
	EndGlobalSection
	GlobalSection(ProjectConfigurationPlatforms) = postSolution
		{39C20D92-AF93-4289-8CA3-9679DBF6D441}.Debug|Any CPU.ActiveCfg = Debug|Any CPU
		{39C20D92-AF93-4289-8CA3-9679DBF6D441}.Debug|Any CPU.Build.0 = Debug|Any CPU
		{39C20D92-AF93-4289-8CA3-9679DBF6D441}.Release|Any CPU.ActiveCfg = Release|Any CPU
		{39C20D92-AF93-4289-8CA3-9679DBF6D441}.Release|Any CPU.Build.0 = Release|Any CPU
		{D747DADE-848A-4855-88ED-AF0E28963CAB}.Debug|Any CPU.ActiveCfg = Debug|Any CPU
		{D747DADE-848A-4855-88ED-AF0E28963CAB}.Debug|Any CPU.Build.0 = Debug|Any CPU
		{D747DADE-848A-4855-88ED-AF0E28963CAB}.Release|Any CPU.ActiveCfg = Release|Any CPU
		{D747DADE-848A-4855-88ED-AF0E28963CAB}.Release|Any CPU.Build.0 = Release|Any CPU
	EndGlobalSection
	GlobalSection(SolutionProperties) = preSolution
		HideSolutionNode = FALSE
	EndGlobalSection
	GlobalSection(ExtensibilityGlobals) = postSolution
		SolutionGuid = {5ECFC35C-6CA4-4D4D-8320-CD87C20A5CA2}
	EndGlobalSection
EndGlobal
