
Microsoft Visual Studio Solution File, Format Version 12.00
# Visual Studio Version 16
VisualStudioVersion = 16.0.28803.352
MinimumVisualStudioVersion = 10.0.40219.1
Project("{9A19103F-16F7-4668-BE54-9A1E7A4F7556}") = "ProyectoDosGrupoCinco", "ProyectoDosGrupoCinco\ProyectoDosGrupoCinco.csproj", "{5C3F6B68-EDFE-4C23-AF9A-381978020688}"
EndProject
Project("{FAE04EC0-301F-11D3-BF4B-00C04F79EFBC}") = "TestProyectoDosGrupoCinco", "TestProyectoDosGrupoCinco\TestProyectoDosGrupoCinco.csproj", "{2F74A001-1A11-47A9-AAD7-D3E7167C6DEF}"
EndProject
Project("{FAE04EC0-301F-11D3-BF4B-00C04F79EFBC}") = "WebProyectoDosGrupoCinco", "WebProyectoDosGrupoCinco\WebProyectoDosGrupoCinco.csproj", "{7A6E85DB-44A5-4A62-8824-98F7B3AB0147}"
EndProject
Global
	GlobalSection(SolutionConfigurationPlatforms) = preSolution
		Debug|Any CPU = Debug|Any CPU
		Release|Any CPU = Release|Any CPU
	EndGlobalSection
	GlobalSection(ProjectConfigurationPlatforms) = postSolution
		{5C3F6B68-EDFE-4C23-AF9A-381978020688}.Debug|Any CPU.ActiveCfg = Debug|Any CPU
		{5C3F6B68-EDFE-4C23-AF9A-381978020688}.Debug|Any CPU.Build.0 = Debug|Any CPU
		{5C3F6B68-EDFE-4C23-AF9A-381978020688}.Release|Any CPU.ActiveCfg = Release|Any CPU
		{5C3F6B68-EDFE-4C23-AF9A-381978020688}.Release|Any CPU.Build.0 = Release|Any CPU
		{2F74A001-1A11-47A9-AAD7-D3E7167C6DEF}.Debug|Any CPU.ActiveCfg = Debug|Any CPU
		{2F74A001-1A11-47A9-AAD7-D3E7167C6DEF}.Debug|Any CPU.Build.0 = Debug|Any CPU
		{2F74A001-1A11-47A9-AAD7-D3E7167C6DEF}.Release|Any CPU.ActiveCfg = Release|Any CPU
		{2F74A001-1A11-47A9-AAD7-D3E7167C6DEF}.Release|Any CPU.Build.0 = Release|Any CPU
		{7A6E85DB-44A5-4A62-8824-98F7B3AB0147}.Debug|Any CPU.ActiveCfg = Debug|Any CPU
		{7A6E85DB-44A5-4A62-8824-98F7B3AB0147}.Debug|Any CPU.Build.0 = Debug|Any CPU
		{7A6E85DB-44A5-4A62-8824-98F7B3AB0147}.Release|Any CPU.ActiveCfg = Release|Any CPU
		{7A6E85DB-44A5-4A62-8824-98F7B3AB0147}.Release|Any CPU.Build.0 = Release|Any CPU
	EndGlobalSection
	GlobalSection(SolutionProperties) = preSolution
		HideSolutionNode = FALSE
	EndGlobalSection
	GlobalSection(ExtensibilityGlobals) = postSolution
		SolutionGuid = {ADA3AED5-A907-46D6-8366-E198342A6A06}
	EndGlobalSection
EndGlobal
