
Microsoft Visual Studio Solution File, Format Version 12.00
# Visual Studio 15
VisualStudioVersion = 15.0.28307.489
MinimumVisualStudioVersion = 10.0.40219.1
Project("{9A19103F-16F7-4668-BE54-9A1E7A4F7556}") = "Examen2_Clases", "Examen2-Clases\Examen2_Clases.csproj", "{EE88E9E7-93DF-4E60-8116-66D5D91BF808}"
EndProject
Project("{9A19103F-16F7-4668-BE54-9A1E7A4F7556}") = "Examen2-Web", "Examen2-Web\Examen2-Web.csproj", "{DE6BC78A-B7E8-42DD-A45C-646B54D019FE}"
EndProject
Project("{9A19103F-16F7-4668-BE54-9A1E7A4F7556}") = "Examen2-react", "Examen2-react\Examen2-react.csproj", "{EC12B5DD-B964-4F7D-BAD8-112948343E24}"
EndProject
Project("{FAE04EC0-301F-11D3-BF4B-00C04F79EFBC}") = "UnitTestExamen2", "UnitTestExamen2\UnitTestExamen2.csproj", "{C83D0EE1-4167-4467-8B6A-7FC6D312F558}"
EndProject
Global
	GlobalSection(SolutionConfigurationPlatforms) = preSolution
		Debug|Any CPU = Debug|Any CPU
		Release|Any CPU = Release|Any CPU
	EndGlobalSection
	GlobalSection(ProjectConfigurationPlatforms) = postSolution
		{EE88E9E7-93DF-4E60-8116-66D5D91BF808}.Debug|Any CPU.ActiveCfg = Debug|Any CPU
		{EE88E9E7-93DF-4E60-8116-66D5D91BF808}.Debug|Any CPU.Build.0 = Debug|Any CPU
		{EE88E9E7-93DF-4E60-8116-66D5D91BF808}.Release|Any CPU.ActiveCfg = Release|Any CPU
		{EE88E9E7-93DF-4E60-8116-66D5D91BF808}.Release|Any CPU.Build.0 = Release|Any CPU
		{DE6BC78A-B7E8-42DD-A45C-646B54D019FE}.Debug|Any CPU.ActiveCfg = Debug|Any CPU
		{DE6BC78A-B7E8-42DD-A45C-646B54D019FE}.Debug|Any CPU.Build.0 = Debug|Any CPU
		{DE6BC78A-B7E8-42DD-A45C-646B54D019FE}.Release|Any CPU.ActiveCfg = Release|Any CPU
		{DE6BC78A-B7E8-42DD-A45C-646B54D019FE}.Release|Any CPU.Build.0 = Release|Any CPU
		{EC12B5DD-B964-4F7D-BAD8-112948343E24}.Debug|Any CPU.ActiveCfg = Debug|Any CPU
		{EC12B5DD-B964-4F7D-BAD8-112948343E24}.Debug|Any CPU.Build.0 = Debug|Any CPU
		{EC12B5DD-B964-4F7D-BAD8-112948343E24}.Release|Any CPU.ActiveCfg = Release|Any CPU
		{EC12B5DD-B964-4F7D-BAD8-112948343E24}.Release|Any CPU.Build.0 = Release|Any CPU
		{C83D0EE1-4167-4467-8B6A-7FC6D312F558}.Debug|Any CPU.ActiveCfg = Debug|Any CPU
		{C83D0EE1-4167-4467-8B6A-7FC6D312F558}.Debug|Any CPU.Build.0 = Debug|Any CPU
		{C83D0EE1-4167-4467-8B6A-7FC6D312F558}.Release|Any CPU.ActiveCfg = Release|Any CPU
		{C83D0EE1-4167-4467-8B6A-7FC6D312F558}.Release|Any CPU.Build.0 = Release|Any CPU
	EndGlobalSection
	GlobalSection(SolutionProperties) = preSolution
		HideSolutionNode = FALSE
	EndGlobalSection
	GlobalSection(ExtensibilityGlobals) = postSolution
		SolutionGuid = {B3286176-F479-41EE-B020-BB76FA1721F0}
	EndGlobalSection
EndGlobal
