
Microsoft Visual Studio Solution File, Format Version 12.00
# Visual Studio 15
VisualStudioVersion = 15.0.28307.645
MinimumVisualStudioVersion = 10.0.40219.1
Project("{9A19103F-16F7-4668-BE54-9A1E7A4F7556}") = "Proyecto2.Web", "React2\Proyecto2.Web.csproj", "{77B79B2A-848E-430C-A135-B6E3AD41E6CE}"
EndProject
Project("{9A19103F-16F7-4668-BE54-9A1E7A4F7556}") = "Proyecto2.Model", "Proyecto2.Model\Proyecto2.Model.csproj", "{7E2A5D26-4170-4FFD-92C5-978DBE446FF4}"
EndProject
Project("{FAE04EC0-301F-11D3-BF4B-00C04F79EFBC}") = "Proyecto2.Tests", "Proyecto2.Tests\Proyecto2.Tests.csproj", "{779131A8-1E20-4DA1-8BC1-07B3A478914D}"
EndProject
Global
	GlobalSection(SolutionConfigurationPlatforms) = preSolution
		Debug|Any CPU = Debug|Any CPU
		Release|Any CPU = Release|Any CPU
	EndGlobalSection
	GlobalSection(ProjectConfigurationPlatforms) = postSolution
		{77B79B2A-848E-430C-A135-B6E3AD41E6CE}.Debug|Any CPU.ActiveCfg = Debug|Any CPU
		{77B79B2A-848E-430C-A135-B6E3AD41E6CE}.Debug|Any CPU.Build.0 = Debug|Any CPU
		{77B79B2A-848E-430C-A135-B6E3AD41E6CE}.Release|Any CPU.ActiveCfg = Release|Any CPU
		{77B79B2A-848E-430C-A135-B6E3AD41E6CE}.Release|Any CPU.Build.0 = Release|Any CPU
		{7E2A5D26-4170-4FFD-92C5-978DBE446FF4}.Debug|Any CPU.ActiveCfg = Debug|Any CPU
		{7E2A5D26-4170-4FFD-92C5-978DBE446FF4}.Debug|Any CPU.Build.0 = Debug|Any CPU
		{7E2A5D26-4170-4FFD-92C5-978DBE446FF4}.Release|Any CPU.ActiveCfg = Release|Any CPU
		{7E2A5D26-4170-4FFD-92C5-978DBE446FF4}.Release|Any CPU.Build.0 = Release|Any CPU
		{779131A8-1E20-4DA1-8BC1-07B3A478914D}.Debug|Any CPU.ActiveCfg = Debug|Any CPU
		{779131A8-1E20-4DA1-8BC1-07B3A478914D}.Debug|Any CPU.Build.0 = Debug|Any CPU
		{779131A8-1E20-4DA1-8BC1-07B3A478914D}.Release|Any CPU.ActiveCfg = Release|Any CPU
		{779131A8-1E20-4DA1-8BC1-07B3A478914D}.Release|Any CPU.Build.0 = Release|Any CPU
	EndGlobalSection
	GlobalSection(SolutionProperties) = preSolution
		HideSolutionNode = FALSE
	EndGlobalSection
	GlobalSection(ExtensibilityGlobals) = postSolution
		SolutionGuid = {1EF84A78-00D1-4A86-A57F-A0722B5560EA}
	EndGlobalSection
EndGlobal
