
Microsoft Visual Studio Solution File, Format Version 12.00
# Visual Studio 15
VisualStudioVersion = 15.0.27130.2036
MinimumVisualStudioVersion = 10.0.40219.1
Project("{FAE04EC0-301F-11D3-BF4B-00C04F79EFBC}") = "Lab1ASPdotNet", "Lab1ASPdotNet\Lab1ASPdotNet.csproj", "{4B590496-46D2-43DE-BD25-5A2BC4026D17}"
EndProject
Project("{FAE04EC0-301F-11D3-BF4B-00C04F79EFBC}") = "Orbis[B63199].Web", "Orbis[B63199].Web\Orbis[B63199].Web.csproj", "{EA000930-D06C-4D09-9362-1A26C4E80100}"
EndProject
Project("{FAE04EC0-301F-11D3-BF4B-00C04F79EFBC}") = "Orbis[B63199].Model", "Orbis[B63199].Model\Orbis[B63199].Model.csproj", "{9B1C1570-32D8-4609-B9B8-FBC55B16E8A4}"
EndProject
Global
	GlobalSection(SolutionConfigurationPlatforms) = preSolution
		Debug|Any CPU = Debug|Any CPU
		Release|Any CPU = Release|Any CPU
	EndGlobalSection
	GlobalSection(ProjectConfigurationPlatforms) = postSolution
		{4B590496-46D2-43DE-BD25-5A2BC4026D17}.Debug|Any CPU.ActiveCfg = Debug|Any CPU
		{4B590496-46D2-43DE-BD25-5A2BC4026D17}.Debug|Any CPU.Build.0 = Debug|Any CPU
		{4B590496-46D2-43DE-BD25-5A2BC4026D17}.Release|Any CPU.ActiveCfg = Release|Any CPU
		{4B590496-46D2-43DE-BD25-5A2BC4026D17}.Release|Any CPU.Build.0 = Release|Any CPU
		{EA000930-D06C-4D09-9362-1A26C4E80100}.Debug|Any CPU.ActiveCfg = Debug|Any CPU
		{EA000930-D06C-4D09-9362-1A26C4E80100}.Debug|Any CPU.Build.0 = Debug|Any CPU
		{EA000930-D06C-4D09-9362-1A26C4E80100}.Release|Any CPU.ActiveCfg = Release|Any CPU
		{EA000930-D06C-4D09-9362-1A26C4E80100}.Release|Any CPU.Build.0 = Release|Any CPU
		{9B1C1570-32D8-4609-B9B8-FBC55B16E8A4}.Debug|Any CPU.ActiveCfg = Debug|Any CPU
		{9B1C1570-32D8-4609-B9B8-FBC55B16E8A4}.Debug|Any CPU.Build.0 = Debug|Any CPU
		{9B1C1570-32D8-4609-B9B8-FBC55B16E8A4}.Release|Any CPU.ActiveCfg = Release|Any CPU
		{9B1C1570-32D8-4609-B9B8-FBC55B16E8A4}.Release|Any CPU.Build.0 = Release|Any CPU
	EndGlobalSection
	GlobalSection(SolutionProperties) = preSolution
		HideSolutionNode = FALSE
	EndGlobalSection
	GlobalSection(ExtensibilityGlobals) = postSolution
		SolutionGuid = {CD4860C2-1707-439A-9EBA-30C5CF183583}
	EndGlobalSection
EndGlobal
